
Microsoft Visual Studio Solution File, Format Version 12.00
# Visual Studio 2012
Project("{FAE04EC0-301F-11D3-BF4B-00C04F79EFBC}") = "WPFBill", "WPFBill\WPFBill.csproj", "{305DE6D8-F33C-4D5D-8714-F7056B696003}"
EndProject
Global
	GlobalSection(SolutionConfigurationPlatforms) = preSolution
		Debug|Any CPU = Debug|Any CPU
		Release|Any CPU = Release|Any CPU
	EndGlobalSection
	GlobalSection(ProjectConfigurationPlatforms) = postSolution
		{305DE6D8-F33C-4D5D-8714-F7056B696003}.Debug|Any CPU.ActiveCfg = Debug|Any CPU
		{305DE6D8-F33C-4D5D-8714-F7056B696003}.Debug|Any CPU.Build.0 = Debug|Any CPU
		{305DE6D8-F33C-4D5D-8714-F7056B696003}.Release|Any CPU.ActiveCfg = Release|Any CPU
		{305DE6D8-F33C-4D5D-8714-F7056B696003}.Release|Any CPU.Build.0 = Release|Any CPU
	EndGlobalSection
	GlobalSection(SolutionProperties) = preSolution
		HideSolutionNode = FALSE
	EndGlobalSection
EndGlobal
